{
  "name": "frontend",
  "version": "1.0.0",
  "lockfileVersion": 3,
  "requires": true,
  "packages": {
    "": {
      "name": "frontend",
      "version": "1.0.0",
      "license": "MIT",
      "dependencies": {
        "next": "^14.0.3",
        "react": "^18.2.0",
        "react-dom": "^18.2.0"
      },
      "devDependencies": {
        "eslint": "^8.56.0",
        "eslint-config-next": "^14.0.3",
        "typescript": "^5.3.3"
      }
    },
    "node_modules/next": {
      "version": "14.0.3",
      "resolved": "https://registry.npmjs.org/next/-/next-14.0.3.tgz",
      "integrity": "sha512-DQbKnggP+eZK+xy6iYjYp/jxOkTbD+xrRg7a8aWeg57A0E2Itx/nm5EJ2mQ7R0INuOAH94n5nDLFzqgZvdK/4g==",
      "dependencies": {
        "@next/env": "14.0.3",
        "@swc/helpers": "0.5.2",
        "postcss": "8.4.31"
      }
    },
    "node_modules/react": {
      "version": "18.2.0",
      "resolved": "https://registry.npmjs.org/react/-/react-18.2.0.tgz",
      "integrity": "sha512-xGv5QpRfGbJvsyX0Yv3hz6o3NphN+zPUQYQvuP+Wx4yVjhvR5L5MPh6RmSR7W8QZgxeK6lPcYqFf3mT3uo6dPw=="
    },
    "node_modules/react-dom": {
      "version": "18.2.0",
      "resolved": "https://registry.npmjs.org/react-dom/-/react-dom-18.2.0.tgz",
      "integrity": "sha512-L4I5xZb5u1FupZ8+whZHiJMCsvvWZJqRPOhtl0phGZ/6SK9cFdrffYbXw8G+LO8NP7W9RzXlGzBkkgR6pDQxFA=="
    },
    "node_modules/typescript": {
      "version": "5.3.3",
      "resolved": "https://registry.npmjs.org/typescript/-/typescript-5.3.3.tgz",
      "integrity": "sha512-h2Rjc8b2ZgMScgk0S3Smczf7iNoRWcKdu3L+xXMstyt8a9m2U7cCA8xg1Zn+dlC6WovAF4h5JsmcVgrVq8Kf1A=="
    }
  }
}

